
Microsoft Visual Studio Solution File, Format Version 12.00
# Visual Studio Version 17
VisualStudioVersion = 17.7.34221.43
MinimumVisualStudioVersion = 10.0.40219.1
Project("{FAE04EC0-301F-11D3-BF4B-00C04F79EFBC}") = "XmlParser", "XmlParser\XmlParser.csproj", "{792F1AEE-0157-49E2-AD90-EABE9460DD0A}"
EndProject
Global
	GlobalSection(SolutionConfigurationPlatforms) = preSolution
		Debug|Any CPU = Debug|Any CPU
		Release|Any CPU = Release|Any CPU
	EndGlobalSection
	GlobalSection(ProjectConfigurationPlatforms) = postSolution
		{792F1AEE-0157-49E2-AD90-EABE9460DD0A}.Debug|Any CPU.ActiveCfg = Debug|Any CPU
		{792F1AEE-0157-49E2-AD90-EABE9460DD0A}.Debug|Any CPU.Build.0 = Debug|Any CPU
		{792F1AEE-0157-49E2-AD90-EABE9460DD0A}.Release|Any CPU.ActiveCfg = Release|Any CPU
		{792F1AEE-0157-49E2-AD90-EABE9460DD0A}.Release|Any CPU.Build.0 = Release|Any CPU
	EndGlobalSection
	GlobalSection(SolutionProperties) = preSolution
		HideSolutionNode = FALSE
	EndGlobalSection
	GlobalSection(ExtensibilityGlobals) = postSolution
		SolutionGuid = {1CF4DC6D-C052-4AE7-8B52-DEC6199B0169}
	EndGlobalSection
EndGlobal
